
Microsoft Visual Studio Solution File, Format Version 12.00
# Visual Studio 14
VisualStudioVersion = 14.0.23107.0
MinimumVisualStudioVersion = 10.0.40219.1
Project("{9092AA53-FB77-4645-B42D-1CCCA6BD08BD}") = "WED2-EventPlaner", "WED2-EventPlaner.njsproj", "{48D18821-C7B1-4C04-B5C9-996BFE28841E}"
EndProject
Global
	GlobalSection(SolutionConfigurationPlatforms) = preSolution
		Debug|Any CPU = Debug|Any CPU
		Release|Any CPU = Release|Any CPU
	EndGlobalSection
	GlobalSection(ProjectConfigurationPlatforms) = postSolution
		{48D18821-C7B1-4C04-B5C9-996BFE28841E}.Debug|Any CPU.ActiveCfg = Debug|Any CPU
		{48D18821-C7B1-4C04-B5C9-996BFE28841E}.Debug|Any CPU.Build.0 = Debug|Any CPU
		{48D18821-C7B1-4C04-B5C9-996BFE28841E}.Release|Any CPU.ActiveCfg = Release|Any CPU
		{48D18821-C7B1-4C04-B5C9-996BFE28841E}.Release|Any CPU.Build.0 = Release|Any CPU
	EndGlobalSection
	GlobalSection(SolutionProperties) = preSolution
		HideSolutionNode = FALSE
	EndGlobalSection
EndGlobal
