
Microsoft Visual Studio Solution File, Format Version 12.00
# Visual Studio 14
VisualStudioVersion = 14.0.23107.0
MinimumVisualStudioVersion = 10.0.40219.1
Project("{9092AA53-FB77-4645-B42D-1CCCA6BD08BD}") = "Server", "Server\Server.njsproj", "{48D18821-C7B1-4C04-B5C9-996BFE28841E}"
EndProject
Project("{E24C65DC-7377-472B-9ABA-BC803B73C61A}") = "Webapp", "Server\Webapp\", "{211AB82E-CB76-4145-A65A-25EC52D6F986}"
	ProjectSection(WebsiteProperties) = preProject
		TargetFrameworkMoniker = ".NETFramework,Version%3Dv4.5.2"
		Debug.AspNetCompiler.VirtualPath = "/localhost_63836"
		Debug.AspNetCompiler.PhysicalPath = "Server\Webapp\"
		Debug.AspNetCompiler.TargetPath = "PrecompiledWeb\localhost_63836\"
		Debug.AspNetCompiler.Updateable = "true"
		Debug.AspNetCompiler.ForceOverwrite = "true"
		Debug.AspNetCompiler.FixedNames = "false"
		Debug.AspNetCompiler.Debug = "True"
		Release.AspNetCompiler.VirtualPath = "/localhost_63836"
		Release.AspNetCompiler.PhysicalPath = "Server\Webapp\"
		Release.AspNetCompiler.TargetPath = "PrecompiledWeb\localhost_63836\"
		Release.AspNetCompiler.Updateable = "true"
		Release.AspNetCompiler.ForceOverwrite = "true"
		Release.AspNetCompiler.FixedNames = "false"
		Release.AspNetCompiler.Debug = "False"
		VWDPort = "63836"
		SlnRelativePath = "Server\Webapp\"
	EndProjectSection
EndProject
Global
	GlobalSection(SolutionConfigurationPlatforms) = preSolution
		Debug|Any CPU = Debug|Any CPU
		Release|Any CPU = Release|Any CPU
	EndGlobalSection
	GlobalSection(ProjectConfigurationPlatforms) = postSolution
		{48D18821-C7B1-4C04-B5C9-996BFE28841E}.Debug|Any CPU.ActiveCfg = Debug|Any CPU
		{48D18821-C7B1-4C04-B5C9-996BFE28841E}.Debug|Any CPU.Build.0 = Debug|Any CPU
		{48D18821-C7B1-4C04-B5C9-996BFE28841E}.Release|Any CPU.ActiveCfg = Release|Any CPU
		{48D18821-C7B1-4C04-B5C9-996BFE28841E}.Release|Any CPU.Build.0 = Release|Any CPU
		{211AB82E-CB76-4145-A65A-25EC52D6F986}.Debug|Any CPU.ActiveCfg = Debug|Any CPU
		{211AB82E-CB76-4145-A65A-25EC52D6F986}.Debug|Any CPU.Build.0 = Debug|Any CPU
		{211AB82E-CB76-4145-A65A-25EC52D6F986}.Release|Any CPU.ActiveCfg = Debug|Any CPU
		{211AB82E-CB76-4145-A65A-25EC52D6F986}.Release|Any CPU.Build.0 = Debug|Any CPU
	EndGlobalSection
	GlobalSection(SolutionProperties) = preSolution
		HideSolutionNode = FALSE
	EndGlobalSection
EndGlobal
